<?xml version="1.0" encoding="utf-8"?>
<Project ToolsVersion="4.0" xmlns="http://schemas.microsoft.com/developer/msbuild/2003">
  <ItemGroup>
    <Image Include="Assets\Wide310x150Logo.scale-200.png">
      <Filter>Assets</Filter>
    </Image>
    <Image Include="Assets\StoreLogo.png">
      <Filter>Assets</Filter>
    </Image>
    <Image Include="Assets\Square150x150Logo.scale-200.png">
      <Filter>Assets</Filter>
    </Image>
    <Image Include="Assets\Square44x44Logo.targetsize-24_altform-unplated.png">
      <Filter>Assets</Filter>
    </Image>
    <Image Include="Assets\Square44x44Logo.scale-200.png">
      <Filter>Assets</Filter>
    </Image>
    <Image Include="Assets\SplashScreen.scale-200.png">
      <Filter>Assets</Filter>
    </Image>
    <Image Include="Assets\LockScreenLogo.scale-200.png">
      <Filter>Assets</Filter>
    </Image>
  </ItemGroup>
  <ItemGroup>
    <AppxManifest Include="Package.appxmanifest" />
  </ItemGroup>
  <ItemGroup>
    <Filter Include="Assets">
      <UniqueIdentifier>{db9086fe-bacc-4437-8272-1aa6642082db}</UniqueIdentifier>
    </Filter>
    <Filter Include="Sources">
      <UniqueIdentifier>{5910652c-1042-4725-8220-9238a8e8dff3}</UniqueIdentifier>
    </Filter>
  </ItemGroup>
  <ItemGroup>
    <None Include="PropertySheet.props" />
    <None Include="packages.config" />
  </ItemGroup>
  <ItemGroup>
    <ClInclude Include="Sources\build_configuration.h">
      <Filter>Sources</Filter>
    </ClInclude>
    <ClInclude Include="Sources\main_view.h">
      <Filter>Sources</Filter>
    </ClInclude>
    <ClInclude Include="Sources\painter.h">
      <Filter>Sources</Filter>
    </ClInclude>
    <ClInclude Include="Sources\pch.h">
      <Filter>Sources</Filter>
    </ClInclude>
    <ClInclude Include="Sources\view_factory.h">
      <Filter>Sources</Filter>
    </ClInclude>
  </ItemGroup>
  <ItemGroup>
    <ClCompile Include="Sources\main.cpp">
      <Filter>Sources</Filter>
    </ClCompile>
    <ClCompile Include="Sources\main_view.cpp">
      <Filter>Sources</Filter>
    </ClCompile>
    <ClCompile Include="Sources\painter.cpp">
      <Filter>Sources</Filter>
    </ClCompile>
    <ClCompile Include="Sources\pch.cpp">
      <Filter>Sources</Filter>
    </ClCompile>
    <ClCompile Include="Sources\view_factory.cpp">
      <Filter>Sources</Filter>
    </ClCompile>
  </ItemGroup>
</Project>